
Microsoft Visual Studio Solution File, Format Version 12.00
# Visual Studio 14
VisualStudioVersion = 14.0.24720.0
MinimumVisualStudioVersion = 10.0.40219.1
Project("{FAE04EC0-301F-11D3-BF4B-00C04F79EFBC}") = "E-Handel", "E-Handel\E-Handel.csproj", "{9BD74C56-8195-4A82-8838-95B765BFC664}"
EndProject
Global
	GlobalSection(SolutionConfigurationPlatforms) = preSolution
		Debug|Any CPU = Debug|Any CPU
		Release|Any CPU = Release|Any CPU
	EndGlobalSection
	GlobalSection(ProjectConfigurationPlatforms) = postSolution
		{9BD74C56-8195-4A82-8838-95B765BFC664}.Debug|Any CPU.ActiveCfg = Debug|Any CPU
		{9BD74C56-8195-4A82-8838-95B765BFC664}.Debug|Any CPU.Build.0 = Debug|Any CPU
		{9BD74C56-8195-4A82-8838-95B765BFC664}.Release|Any CPU.ActiveCfg = Release|Any CPU
		{9BD74C56-8195-4A82-8838-95B765BFC664}.Release|Any CPU.Build.0 = Release|Any CPU
	EndGlobalSection
	GlobalSection(SolutionProperties) = preSolution
		HideSolutionNode = FALSE
	EndGlobalSection
EndGlobal
